
Microsoft Visual Studio Solution File, Format Version 12.00
# Visual Studio 15
VisualStudioVersion = 15.0.26124.0
MinimumVisualStudioVersion = 15.0.26124.0
Project("{2150E333-8FDC-42A3-9474-1A3956D46DE8}") = "Code", "Code", "{CCC97B6F-588F-4E28-8842-7AA1FC6F5D49}"
EndProject
Project("{FAE04EC0-301F-11D3-BF4B-00C04F79EFBC}") = "netwithmongo.Api", "Code\netwithmongo.Api\netwithmongo.Api.csproj", "{F1841AF6-FF66-4956-BD47-3E2106A61941}"
EndProject
Project("{FAE04EC0-301F-11D3-BF4B-00C04F79EFBC}") = "netwithmongo.BusinessEntities", "Code\netwithmongo.BusinessEntities\netwithmongo.BusinessEntities.csproj", "{504D425D-8B88-498F-BFDB-E3CB4F73FD4F}"
EndProject
Project("{FAE04EC0-301F-11D3-BF4B-00C04F79EFBC}") = "netwithmongo.BusinessServices", "Code\netwithmongo.BusinessServices\netwithmongo.BusinessServices.csproj", "{87CB5AD2-1943-44B0-A7B8-3328224F5432}"
EndProject
Project("{FAE04EC0-301F-11D3-BF4B-00C04F79EFBC}") = "netwithmongo.Contracts", "Code\netwithmongo.Contracts\netwithmongo.Contracts.csproj", "{6188411B-6DA0-4565-8257-ABA63409A47E}"
EndProject
Project("{FAE04EC0-301F-11D3-BF4B-00C04F79EFBC}") = "netwithmongo.Data", "Code\netwithmongo.Data\netwithmongo.Data.csproj", "{4B923A55-5762-4808-ADF7-8DF82654C8BC}"
EndProject
Project("{FAE04EC0-301F-11D3-BF4B-00C04F79EFBC}") = "netwithmongo.Test.Api", "Code\netwithmongo.Test.Api\netwithmongo.Test.Api.csproj", "{4BA4256D-08E3-40FB-96F3-AC8ABE7673E5}"
EndProject
Project("{FAE04EC0-301F-11D3-BF4B-00C04F79EFBC}") = "netwithmongo.Test.Business", "Code\netwithmongo.Test.Business\netwithmongo.Test.Business.csproj", "{03421EC3-B8D3-4244-AA0F-73D8749E4512}"
EndProject
Project("{FAE04EC0-301F-11D3-BF4B-00C04F79EFBC}") = "netwithmongo.Test.Framework", "Code\netwithmongo.Test.Framework\netwithmongo.Test.Framework.csproj", "{777261B9-C123-46FD-80C2-27DD8CBA09C5}"
EndProject
Project("{2150E333-8FDC-42A3-9474-1A3956D46DE8}") = "Test", "Test", "{F65D907C-DA3D-4208-AE87-DFEA9C70D389}"
EndProject
Global
	GlobalSection(SolutionConfigurationPlatforms) = preSolution
		Debug|Any CPU = Debug|Any CPU
		Debug|x64 = Debug|x64
		Debug|x86 = Debug|x86
		Release|Any CPU = Release|Any CPU
		Release|x64 = Release|x64
		Release|x86 = Release|x86
	EndGlobalSection
	GlobalSection(SolutionProperties) = preSolution
		HideSolutionNode = FALSE
	EndGlobalSection
	GlobalSection(ProjectConfigurationPlatforms) = postSolution
		{F1841AF6-FF66-4956-BD47-3E2106A61941}.Debug|Any CPU.ActiveCfg = Debug|Any CPU
		{F1841AF6-FF66-4956-BD47-3E2106A61941}.Debug|Any CPU.Build.0 = Debug|Any CPU
		{F1841AF6-FF66-4956-BD47-3E2106A61941}.Debug|x64.ActiveCfg = Debug|Any CPU
		{F1841AF6-FF66-4956-BD47-3E2106A61941}.Debug|x64.Build.0 = Debug|Any CPU
		{F1841AF6-FF66-4956-BD47-3E2106A61941}.Debug|x86.ActiveCfg = Debug|Any CPU
		{F1841AF6-FF66-4956-BD47-3E2106A61941}.Debug|x86.Build.0 = Debug|Any CPU
		{F1841AF6-FF66-4956-BD47-3E2106A61941}.Release|Any CPU.ActiveCfg = Release|Any CPU
		{F1841AF6-FF66-4956-BD47-3E2106A61941}.Release|Any CPU.Build.0 = Release|Any CPU
		{F1841AF6-FF66-4956-BD47-3E2106A61941}.Release|x64.ActiveCfg = Release|Any CPU
		{F1841AF6-FF66-4956-BD47-3E2106A61941}.Release|x64.Build.0 = Release|Any CPU
		{F1841AF6-FF66-4956-BD47-3E2106A61941}.Release|x86.ActiveCfg = Release|Any CPU
		{F1841AF6-FF66-4956-BD47-3E2106A61941}.Release|x86.Build.0 = Release|Any CPU
		{504D425D-8B88-498F-BFDB-E3CB4F73FD4F}.Debug|Any CPU.ActiveCfg = Debug|Any CPU
		{504D425D-8B88-498F-BFDB-E3CB4F73FD4F}.Debug|Any CPU.Build.0 = Debug|Any CPU
		{504D425D-8B88-498F-BFDB-E3CB4F73FD4F}.Debug|x64.ActiveCfg = Debug|Any CPU
		{504D425D-8B88-498F-BFDB-E3CB4F73FD4F}.Debug|x64.Build.0 = Debug|Any CPU
		{504D425D-8B88-498F-BFDB-E3CB4F73FD4F}.Debug|x86.ActiveCfg = Debug|Any CPU
		{504D425D-8B88-498F-BFDB-E3CB4F73FD4F}.Debug|x86.Build.0 = Debug|Any CPU
		{504D425D-8B88-498F-BFDB-E3CB4F73FD4F}.Release|Any CPU.ActiveCfg = Release|Any CPU
		{504D425D-8B88-498F-BFDB-E3CB4F73FD4F}.Release|Any CPU.Build.0 = Release|Any CPU
		{504D425D-8B88-498F-BFDB-E3CB4F73FD4F}.Release|x64.ActiveCfg = Release|Any CPU
		{504D425D-8B88-498F-BFDB-E3CB4F73FD4F}.Release|x64.Build.0 = Release|Any CPU
		{504D425D-8B88-498F-BFDB-E3CB4F73FD4F}.Release|x86.ActiveCfg = Release|Any CPU
		{504D425D-8B88-498F-BFDB-E3CB4F73FD4F}.Release|x86.Build.0 = Release|Any CPU
		{87CB5AD2-1943-44B0-A7B8-3328224F5432}.Debug|Any CPU.ActiveCfg = Debug|Any CPU
		{87CB5AD2-1943-44B0-A7B8-3328224F5432}.Debug|Any CPU.Build.0 = Debug|Any CPU
		{87CB5AD2-1943-44B0-A7B8-3328224F5432}.Debug|x64.ActiveCfg = Debug|Any CPU
		{87CB5AD2-1943-44B0-A7B8-3328224F5432}.Debug|x64.Build.0 = Debug|Any CPU
		{87CB5AD2-1943-44B0-A7B8-3328224F5432}.Debug|x86.ActiveCfg = Debug|Any CPU
		{87CB5AD2-1943-44B0-A7B8-3328224F5432}.Debug|x86.Build.0 = Debug|Any CPU
		{87CB5AD2-1943-44B0-A7B8-3328224F5432}.Release|Any CPU.ActiveCfg = Release|Any CPU
		{87CB5AD2-1943-44B0-A7B8-3328224F5432}.Release|Any CPU.Build.0 = Release|Any CPU
		{87CB5AD2-1943-44B0-A7B8-3328224F5432}.Release|x64.ActiveCfg = Release|Any CPU
		{87CB5AD2-1943-44B0-A7B8-3328224F5432}.Release|x64.Build.0 = Release|Any CPU
		{87CB5AD2-1943-44B0-A7B8-3328224F5432}.Release|x86.ActiveCfg = Release|Any CPU
		{87CB5AD2-1943-44B0-A7B8-3328224F5432}.Release|x86.Build.0 = Release|Any CPU
		{6188411B-6DA0-4565-8257-ABA63409A47E}.Debug|Any CPU.ActiveCfg = Debug|Any CPU
		{6188411B-6DA0-4565-8257-ABA63409A47E}.Debug|Any CPU.Build.0 = Debug|Any CPU
		{6188411B-6DA0-4565-8257-ABA63409A47E}.Debug|x64.ActiveCfg = Debug|Any CPU
		{6188411B-6DA0-4565-8257-ABA63409A47E}.Debug|x64.Build.0 = Debug|Any CPU
		{6188411B-6DA0-4565-8257-ABA63409A47E}.Debug|x86.ActiveCfg = Debug|Any CPU
		{6188411B-6DA0-4565-8257-ABA63409A47E}.Debug|x86.Build.0 = Debug|Any CPU
		{6188411B-6DA0-4565-8257-ABA63409A47E}.Release|Any CPU.ActiveCfg = Release|Any CPU
		{6188411B-6DA0-4565-8257-ABA63409A47E}.Release|Any CPU.Build.0 = Release|Any CPU
		{6188411B-6DA0-4565-8257-ABA63409A47E}.Release|x64.ActiveCfg = Release|Any CPU
		{6188411B-6DA0-4565-8257-ABA63409A47E}.Release|x64.Build.0 = Release|Any CPU
		{6188411B-6DA0-4565-8257-ABA63409A47E}.Release|x86.ActiveCfg = Release|Any CPU
		{6188411B-6DA0-4565-8257-ABA63409A47E}.Release|x86.Build.0 = Release|Any CPU
		{4B923A55-5762-4808-ADF7-8DF82654C8BC}.Debug|Any CPU.ActiveCfg = Debug|Any CPU
		{4B923A55-5762-4808-ADF7-8DF82654C8BC}.Debug|Any CPU.Build.0 = Debug|Any CPU
		{4B923A55-5762-4808-ADF7-8DF82654C8BC}.Debug|x64.ActiveCfg = Debug|Any CPU
		{4B923A55-5762-4808-ADF7-8DF82654C8BC}.Debug|x64.Build.0 = Debug|Any CPU
		{4B923A55-5762-4808-ADF7-8DF82654C8BC}.Debug|x86.ActiveCfg = Debug|Any CPU
		{4B923A55-5762-4808-ADF7-8DF82654C8BC}.Debug|x86.Build.0 = Debug|Any CPU
		{4B923A55-5762-4808-ADF7-8DF82654C8BC}.Release|Any CPU.ActiveCfg = Release|Any CPU
		{4B923A55-5762-4808-ADF7-8DF82654C8BC}.Release|Any CPU.Build.0 = Release|Any CPU
		{4B923A55-5762-4808-ADF7-8DF82654C8BC}.Release|x64.ActiveCfg = Release|Any CPU
		{4B923A55-5762-4808-ADF7-8DF82654C8BC}.Release|x64.Build.0 = Release|Any CPU
		{4B923A55-5762-4808-ADF7-8DF82654C8BC}.Release|x86.ActiveCfg = Release|Any CPU
		{4B923A55-5762-4808-ADF7-8DF82654C8BC}.Release|x86.Build.0 = Release|Any CPU
		{4BA4256D-08E3-40FB-96F3-AC8ABE7673E5}.Debug|Any CPU.ActiveCfg = Debug|Any CPU
		{4BA4256D-08E3-40FB-96F3-AC8ABE7673E5}.Debug|Any CPU.Build.0 = Debug|Any CPU
		{4BA4256D-08E3-40FB-96F3-AC8ABE7673E5}.Debug|x64.ActiveCfg = Debug|Any CPU
		{4BA4256D-08E3-40FB-96F3-AC8ABE7673E5}.Debug|x64.Build.0 = Debug|Any CPU
		{4BA4256D-08E3-40FB-96F3-AC8ABE7673E5}.Debug|x86.ActiveCfg = Debug|Any CPU
		{4BA4256D-08E3-40FB-96F3-AC8ABE7673E5}.Debug|x86.Build.0 = Debug|Any CPU
		{4BA4256D-08E3-40FB-96F3-AC8ABE7673E5}.Release|Any CPU.ActiveCfg = Release|Any CPU
		{4BA4256D-08E3-40FB-96F3-AC8ABE7673E5}.Release|Any CPU.Build.0 = Release|Any CPU
		{4BA4256D-08E3-40FB-96F3-AC8ABE7673E5}.Release|x64.ActiveCfg = Release|Any CPU
		{4BA4256D-08E3-40FB-96F3-AC8ABE7673E5}.Release|x64.Build.0 = Release|Any CPU
		{4BA4256D-08E3-40FB-96F3-AC8ABE7673E5}.Release|x86.ActiveCfg = Release|Any CPU
		{4BA4256D-08E3-40FB-96F3-AC8ABE7673E5}.Release|x86.Build.0 = Release|Any CPU
		{03421EC3-B8D3-4244-AA0F-73D8749E4512}.Debug|Any CPU.ActiveCfg = Debug|Any CPU
		{03421EC3-B8D3-4244-AA0F-73D8749E4512}.Debug|Any CPU.Build.0 = Debug|Any CPU
		{03421EC3-B8D3-4244-AA0F-73D8749E4512}.Debug|x64.ActiveCfg = Debug|Any CPU
		{03421EC3-B8D3-4244-AA0F-73D8749E4512}.Debug|x64.Build.0 = Debug|Any CPU
		{03421EC3-B8D3-4244-AA0F-73D8749E4512}.Debug|x86.ActiveCfg = Debug|Any CPU
		{03421EC3-B8D3-4244-AA0F-73D8749E4512}.Debug|x86.Build.0 = Debug|Any CPU
		{03421EC3-B8D3-4244-AA0F-73D8749E4512}.Release|Any CPU.ActiveCfg = Release|Any CPU
		{03421EC3-B8D3-4244-AA0F-73D8749E4512}.Release|Any CPU.Build.0 = Release|Any CPU
		{03421EC3-B8D3-4244-AA0F-73D8749E4512}.Release|x64.ActiveCfg = Release|Any CPU
		{03421EC3-B8D3-4244-AA0F-73D8749E4512}.Release|x64.Build.0 = Release|Any CPU
		{03421EC3-B8D3-4244-AA0F-73D8749E4512}.Release|x86.ActiveCfg = Release|Any CPU
		{03421EC3-B8D3-4244-AA0F-73D8749E4512}.Release|x86.Build.0 = Release|Any CPU
		{777261B9-C123-46FD-80C2-27DD8CBA09C5}.Debug|Any CPU.ActiveCfg = Debug|Any CPU
		{777261B9-C123-46FD-80C2-27DD8CBA09C5}.Debug|Any CPU.Build.0 = Debug|Any CPU
		{777261B9-C123-46FD-80C2-27DD8CBA09C5}.Debug|x64.ActiveCfg = Debug|Any CPU
		{777261B9-C123-46FD-80C2-27DD8CBA09C5}.Debug|x64.Build.0 = Debug|Any CPU
		{777261B9-C123-46FD-80C2-27DD8CBA09C5}.Debug|x86.ActiveCfg = Debug|Any CPU
		{777261B9-C123-46FD-80C2-27DD8CBA09C5}.Debug|x86.Build.0 = Debug|Any CPU
		{777261B9-C123-46FD-80C2-27DD8CBA09C5}.Release|Any CPU.ActiveCfg = Release|Any CPU
		{777261B9-C123-46FD-80C2-27DD8CBA09C5}.Release|Any CPU.Build.0 = Release|Any CPU
		{777261B9-C123-46FD-80C2-27DD8CBA09C5}.Release|x64.ActiveCfg = Release|Any CPU
		{777261B9-C123-46FD-80C2-27DD8CBA09C5}.Release|x64.Build.0 = Release|Any CPU
		{777261B9-C123-46FD-80C2-27DD8CBA09C5}.Release|x86.ActiveCfg = Release|Any CPU
		{777261B9-C123-46FD-80C2-27DD8CBA09C5}.Release|x86.Build.0 = Release|Any CPU
	EndGlobalSection
	GlobalSection(NestedProjects) = preSolution
		{F1841AF6-FF66-4956-BD47-3E2106A61941} = {CCC97B6F-588F-4E28-8842-7AA1FC6F5D49}
		{504D425D-8B88-498F-BFDB-E3CB4F73FD4F} = {CCC97B6F-588F-4E28-8842-7AA1FC6F5D49}
		{87CB5AD2-1943-44B0-A7B8-3328224F5432} = {CCC97B6F-588F-4E28-8842-7AA1FC6F5D49}
		{6188411B-6DA0-4565-8257-ABA63409A47E} = {CCC97B6F-588F-4E28-8842-7AA1FC6F5D49}
		{4B923A55-5762-4808-ADF7-8DF82654C8BC} = {CCC97B6F-588F-4E28-8842-7AA1FC6F5D49}
		{4BA4256D-08E3-40FB-96F3-AC8ABE7673E5} = {F65D907C-DA3D-4208-AE87-DFEA9C70D389}
		{03421EC3-B8D3-4244-AA0F-73D8749E4512} = {F65D907C-DA3D-4208-AE87-DFEA9C70D389}
		{777261B9-C123-46FD-80C2-27DD8CBA09C5} = {F65D907C-DA3D-4208-AE87-DFEA9C70D389}
	EndGlobalSection
EndGlobal
